
Microsoft Visual Studio Solution File, Format Version 11.00
# Visual Studio 2010
Project("{FAE04EC0-301F-11D3-BF4B-00C04F79EFBC}") = "42WAYS", "Assembly-CSharp.csproj", "{90D70BD5-1387-B856-7080-C930AA729C36}"
EndProject
Project("{FAE04EC0-301F-11D3-BF4B-00C04F79EFBC}") = "42WAYS", "Assembly-CSharp-Editor.csproj", "{3319BDF6-983F-31C3-A1C8-9AEB2DD8BAEE}"
EndProject
Global
	GlobalSection(SolutionConfigurationPlatforms) = preSolution
		Debug|Any CPU = Debug|Any CPU
		Release|Any CPU = Release|Any CPU
	EndGlobalSection
	GlobalSection(ProjectConfigurationPlatforms) = postSolution
		{90D70BD5-1387-B856-7080-C930AA729C36}.Debug|Any CPU.ActiveCfg = Debug|Any CPU
		{90D70BD5-1387-B856-7080-C930AA729C36}.Debug|Any CPU.Build.0 = Debug|Any CPU
		{90D70BD5-1387-B856-7080-C930AA729C36}.Release|Any CPU.ActiveCfg = Release|Any CPU
		{90D70BD5-1387-B856-7080-C930AA729C36}.Release|Any CPU.Build.0 = Release|Any CPU
		{3319BDF6-983F-31C3-A1C8-9AEB2DD8BAEE}.Debug|Any CPU.ActiveCfg = Debug|Any CPU
		{3319BDF6-983F-31C3-A1C8-9AEB2DD8BAEE}.Debug|Any CPU.Build.0 = Debug|Any CPU
		{3319BDF6-983F-31C3-A1C8-9AEB2DD8BAEE}.Release|Any CPU.ActiveCfg = Release|Any CPU
		{3319BDF6-983F-31C3-A1C8-9AEB2DD8BAEE}.Release|Any CPU.Build.0 = Release|Any CPU
	EndGlobalSection
	GlobalSection(SolutionProperties) = preSolution
		HideSolutionNode = FALSE
	EndGlobalSection
	GlobalSection(MonoDevelopProperties) = preSolution
		StartupItem = Assembly-CSharp.csproj
	EndGlobalSection
EndGlobal
